
Microsoft Visual Studio Solution File, Format Version 12.00
# Visual Studio Version 17
VisualStudioVersion = 17.4.33403.182
MinimumVisualStudioVersion = 10.0.40219.1
Project("{FAE04EC0-301F-11D3-BF4B-00C04F79EFBC}") = "splayn_for3_", "splayn_for3_.csproj", "{526DE9B2-26DF-4D4A-A986-D34B68191D26}"
EndProject
Global
	GlobalSection(SolutionConfigurationPlatforms) = preSolution
		Debug|Any CPU = Debug|Any CPU
		Release|Any CPU = Release|Any CPU
	EndGlobalSection
	GlobalSection(ProjectConfigurationPlatforms) = postSolution
		{526DE9B2-26DF-4D4A-A986-D34B68191D26}.Debug|Any CPU.ActiveCfg = Debug|Any CPU
		{526DE9B2-26DF-4D4A-A986-D34B68191D26}.Debug|Any CPU.Build.0 = Debug|Any CPU
		{526DE9B2-26DF-4D4A-A986-D34B68191D26}.Release|Any CPU.ActiveCfg = Release|Any CPU
		{526DE9B2-26DF-4D4A-A986-D34B68191D26}.Release|Any CPU.Build.0 = Release|Any CPU
	EndGlobalSection
	GlobalSection(SolutionProperties) = preSolution
		HideSolutionNode = FALSE
	EndGlobalSection
	GlobalSection(ExtensibilityGlobals) = postSolution
		SolutionGuid = {E1B45566-C0B3-453F-A9AD-2675381033EA}
	EndGlobalSection
EndGlobal
